
Microsoft Visual Studio Solution File, Format Version 12.00
# Visual Studio Version 16
VisualStudioVersion = 16.0.31424.327
MinimumVisualStudioVersion = 10.0.40219.1
Project("{FAE04EC0-301F-11D3-BF4B-00C04F79EFBC}") = "AdoProva", "AdoProva\AdoProva.csproj", "{ECBDDE10-5121-4E7D-9E37-2A3DDB7BD957}"
EndProject
Global
	GlobalSection(SolutionConfigurationPlatforms) = preSolution
		Debug|Any CPU = Debug|Any CPU
		Release|Any CPU = Release|Any CPU
	EndGlobalSection
	GlobalSection(ProjectConfigurationPlatforms) = postSolution
		{ECBDDE10-5121-4E7D-9E37-2A3DDB7BD957}.Debug|Any CPU.ActiveCfg = Debug|Any CPU
		{ECBDDE10-5121-4E7D-9E37-2A3DDB7BD957}.Debug|Any CPU.Build.0 = Debug|Any CPU
		{ECBDDE10-5121-4E7D-9E37-2A3DDB7BD957}.Release|Any CPU.ActiveCfg = Release|Any CPU
		{ECBDDE10-5121-4E7D-9E37-2A3DDB7BD957}.Release|Any CPU.Build.0 = Release|Any CPU
	EndGlobalSection
	GlobalSection(SolutionProperties) = preSolution
		HideSolutionNode = FALSE
	EndGlobalSection
	GlobalSection(ExtensibilityGlobals) = postSolution
		SolutionGuid = {87601E72-14BC-4869-9553-5C8DF9C4459B}
	EndGlobalSection
EndGlobal
